
Microsoft Visual Studio Solution File, Format Version 12.00
# Visual Studio Version 17
VisualStudioVersion = 17.6.33723.286
MinimumVisualStudioVersion = 10.0.40219.1
Project("{9A19103F-16F7-4668-BE54-9A1E7A4F7556}") = "Domain", "Api.Domain\Domain.csproj", "{19EAEF86-0100-4133-9699-E697AE4569AF}"
EndProject
Project("{9A19103F-16F7-4668-BE54-9A1E7A4F7556}") = "Application", "Application\Application.csproj", "{62D2857F-B165-4D4B-93BB-217E109F973D}"
EndProject
Project("{9A19103F-16F7-4668-BE54-9A1E7A4F7556}") = "Infrastructure", "Infrastructure\Infrastructure.csproj", "{8AFB6356-9005-4518-BEEC-48422B6CC0E6}"
EndProject
Project("{9A19103F-16F7-4668-BE54-9A1E7A4F7556}") = "Presentation", "Presentation\Presentation.csproj", "{DDEE8269-0FBF-4D94-89C3-30EA0146A3A0}"
EndProject
Project("{9A19103F-16F7-4668-BE54-9A1E7A4F7556}") = "Api", "Api\Api.csproj", "{0EACE81B-DF88-40F5-8A19-B0E172EC1B52}"
EndProject
Project("{2150E333-8FDC-42A3-9474-1A3956D46DE8}") = "Tests", "Tests", "{62901CFB-001B-4F04-AC1C-FB00044FCA83}"
EndProject
Project("{9A19103F-16F7-4668-BE54-9A1E7A4F7556}") = "Api.Test", "Tests\Api.Application.Teste\Api.Test.csproj", "{1829DF84-A7EF-44FE-8667-D27C99C344D0}"
EndProject
Project("{9A19103F-16F7-4668-BE54-9A1E7A4F7556}") = "Infrastructure.Test", "Tests\Api.Data.Test\Infrastructure.Test.csproj", "{290FC536-596B-4374-98B7-B40069E23EA5}"
EndProject
Project("{9A19103F-16F7-4668-BE54-9A1E7A4F7556}") = "Api.Integration.Test", "Tests\Api.Integration.Test\Api.Integration.Test.csproj", "{8D4C12FA-98AB-43BF-BC3A-DC951CDC9FDB}"
EndProject
Project("{9A19103F-16F7-4668-BE54-9A1E7A4F7556}") = "Application.Test", "Tests\Api.Service.Test\Application.Test.csproj", "{308B4FFC-A8BB-4C7D-9DFD-DFD0CA2BAF62}"
EndProject
Global
	GlobalSection(SolutionConfigurationPlatforms) = preSolution
		Debug|Any CPU = Debug|Any CPU
		Debug|x64 = Debug|x64
		Debug|x86 = Debug|x86
		Release|Any CPU = Release|Any CPU
		Release|x64 = Release|x64
		Release|x86 = Release|x86
	EndGlobalSection
	GlobalSection(ProjectConfigurationPlatforms) = postSolution
		{19EAEF86-0100-4133-9699-E697AE4569AF}.Debug|Any CPU.ActiveCfg = Debug|Any CPU
		{19EAEF86-0100-4133-9699-E697AE4569AF}.Debug|Any CPU.Build.0 = Debug|Any CPU
		{19EAEF86-0100-4133-9699-E697AE4569AF}.Debug|x64.ActiveCfg = Debug|Any CPU
		{19EAEF86-0100-4133-9699-E697AE4569AF}.Debug|x64.Build.0 = Debug|Any CPU
		{19EAEF86-0100-4133-9699-E697AE4569AF}.Debug|x86.ActiveCfg = Debug|Any CPU
		{19EAEF86-0100-4133-9699-E697AE4569AF}.Debug|x86.Build.0 = Debug|Any CPU
		{19EAEF86-0100-4133-9699-E697AE4569AF}.Release|Any CPU.ActiveCfg = Release|Any CPU
		{19EAEF86-0100-4133-9699-E697AE4569AF}.Release|Any CPU.Build.0 = Release|Any CPU
		{19EAEF86-0100-4133-9699-E697AE4569AF}.Release|x64.ActiveCfg = Release|Any CPU
		{19EAEF86-0100-4133-9699-E697AE4569AF}.Release|x64.Build.0 = Release|Any CPU
		{19EAEF86-0100-4133-9699-E697AE4569AF}.Release|x86.ActiveCfg = Release|Any CPU
		{19EAEF86-0100-4133-9699-E697AE4569AF}.Release|x86.Build.0 = Release|Any CPU
		{62D2857F-B165-4D4B-93BB-217E109F973D}.Debug|Any CPU.ActiveCfg = Debug|Any CPU
		{62D2857F-B165-4D4B-93BB-217E109F973D}.Debug|Any CPU.Build.0 = Debug|Any CPU
		{62D2857F-B165-4D4B-93BB-217E109F973D}.Debug|x64.ActiveCfg = Debug|Any CPU
		{62D2857F-B165-4D4B-93BB-217E109F973D}.Debug|x64.Build.0 = Debug|Any CPU
		{62D2857F-B165-4D4B-93BB-217E109F973D}.Debug|x86.ActiveCfg = Debug|Any CPU
		{62D2857F-B165-4D4B-93BB-217E109F973D}.Debug|x86.Build.0 = Debug|Any CPU
		{62D2857F-B165-4D4B-93BB-217E109F973D}.Release|Any CPU.ActiveCfg = Release|Any CPU
		{62D2857F-B165-4D4B-93BB-217E109F973D}.Release|Any CPU.Build.0 = Release|Any CPU
		{62D2857F-B165-4D4B-93BB-217E109F973D}.Release|x64.ActiveCfg = Release|Any CPU
		{62D2857F-B165-4D4B-93BB-217E109F973D}.Release|x64.Build.0 = Release|Any CPU
		{62D2857F-B165-4D4B-93BB-217E109F973D}.Release|x86.ActiveCfg = Release|Any CPU
		{62D2857F-B165-4D4B-93BB-217E109F973D}.Release|x86.Build.0 = Release|Any CPU
		{8AFB6356-9005-4518-BEEC-48422B6CC0E6}.Debug|Any CPU.ActiveCfg = Debug|Any CPU
		{8AFB6356-9005-4518-BEEC-48422B6CC0E6}.Debug|Any CPU.Build.0 = Debug|Any CPU
		{8AFB6356-9005-4518-BEEC-48422B6CC0E6}.Debug|x64.ActiveCfg = Debug|Any CPU
		{8AFB6356-9005-4518-BEEC-48422B6CC0E6}.Debug|x64.Build.0 = Debug|Any CPU
		{8AFB6356-9005-4518-BEEC-48422B6CC0E6}.Debug|x86.ActiveCfg = Debug|Any CPU
		{8AFB6356-9005-4518-BEEC-48422B6CC0E6}.Debug|x86.Build.0 = Debug|Any CPU
		{8AFB6356-9005-4518-BEEC-48422B6CC0E6}.Release|Any CPU.ActiveCfg = Release|Any CPU
		{8AFB6356-9005-4518-BEEC-48422B6CC0E6}.Release|Any CPU.Build.0 = Release|Any CPU
		{8AFB6356-9005-4518-BEEC-48422B6CC0E6}.Release|x64.ActiveCfg = Release|Any CPU
		{8AFB6356-9005-4518-BEEC-48422B6CC0E6}.Release|x64.Build.0 = Release|Any CPU
		{8AFB6356-9005-4518-BEEC-48422B6CC0E6}.Release|x86.ActiveCfg = Release|Any CPU
		{8AFB6356-9005-4518-BEEC-48422B6CC0E6}.Release|x86.Build.0 = Release|Any CPU
		{DDEE8269-0FBF-4D94-89C3-30EA0146A3A0}.Debug|Any CPU.ActiveCfg = Debug|Any CPU
		{DDEE8269-0FBF-4D94-89C3-30EA0146A3A0}.Debug|Any CPU.Build.0 = Debug|Any CPU
		{DDEE8269-0FBF-4D94-89C3-30EA0146A3A0}.Debug|x64.ActiveCfg = Debug|Any CPU
		{DDEE8269-0FBF-4D94-89C3-30EA0146A3A0}.Debug|x64.Build.0 = Debug|Any CPU
		{DDEE8269-0FBF-4D94-89C3-30EA0146A3A0}.Debug|x86.ActiveCfg = Debug|Any CPU
		{DDEE8269-0FBF-4D94-89C3-30EA0146A3A0}.Debug|x86.Build.0 = Debug|Any CPU
		{DDEE8269-0FBF-4D94-89C3-30EA0146A3A0}.Release|Any CPU.ActiveCfg = Release|Any CPU
		{DDEE8269-0FBF-4D94-89C3-30EA0146A3A0}.Release|Any CPU.Build.0 = Release|Any CPU
		{DDEE8269-0FBF-4D94-89C3-30EA0146A3A0}.Release|x64.ActiveCfg = Release|Any CPU
		{DDEE8269-0FBF-4D94-89C3-30EA0146A3A0}.Release|x64.Build.0 = Release|Any CPU
		{DDEE8269-0FBF-4D94-89C3-30EA0146A3A0}.Release|x86.ActiveCfg = Release|Any CPU
		{DDEE8269-0FBF-4D94-89C3-30EA0146A3A0}.Release|x86.Build.0 = Release|Any CPU
		{0EACE81B-DF88-40F5-8A19-B0E172EC1B52}.Debug|Any CPU.ActiveCfg = Debug|Any CPU
		{0EACE81B-DF88-40F5-8A19-B0E172EC1B52}.Debug|Any CPU.Build.0 = Debug|Any CPU
		{0EACE81B-DF88-40F5-8A19-B0E172EC1B52}.Debug|x64.ActiveCfg = Debug|Any CPU
		{0EACE81B-DF88-40F5-8A19-B0E172EC1B52}.Debug|x64.Build.0 = Debug|Any CPU
		{0EACE81B-DF88-40F5-8A19-B0E172EC1B52}.Debug|x86.ActiveCfg = Debug|Any CPU
		{0EACE81B-DF88-40F5-8A19-B0E172EC1B52}.Debug|x86.Build.0 = Debug|Any CPU
		{0EACE81B-DF88-40F5-8A19-B0E172EC1B52}.Release|Any CPU.ActiveCfg = Release|Any CPU
		{0EACE81B-DF88-40F5-8A19-B0E172EC1B52}.Release|Any CPU.Build.0 = Release|Any CPU
		{0EACE81B-DF88-40F5-8A19-B0E172EC1B52}.Release|x64.ActiveCfg = Release|Any CPU
		{0EACE81B-DF88-40F5-8A19-B0E172EC1B52}.Release|x64.Build.0 = Release|Any CPU
		{0EACE81B-DF88-40F5-8A19-B0E172EC1B52}.Release|x86.ActiveCfg = Release|Any CPU
		{0EACE81B-DF88-40F5-8A19-B0E172EC1B52}.Release|x86.Build.0 = Release|Any CPU
		{1829DF84-A7EF-44FE-8667-D27C99C344D0}.Debug|Any CPU.ActiveCfg = Debug|Any CPU
		{1829DF84-A7EF-44FE-8667-D27C99C344D0}.Debug|Any CPU.Build.0 = Debug|Any CPU
		{1829DF84-A7EF-44FE-8667-D27C99C344D0}.Debug|x64.ActiveCfg = Debug|Any CPU
		{1829DF84-A7EF-44FE-8667-D27C99C344D0}.Debug|x64.Build.0 = Debug|Any CPU
		{1829DF84-A7EF-44FE-8667-D27C99C344D0}.Debug|x86.ActiveCfg = Debug|Any CPU
		{1829DF84-A7EF-44FE-8667-D27C99C344D0}.Debug|x86.Build.0 = Debug|Any CPU
		{1829DF84-A7EF-44FE-8667-D27C99C344D0}.Release|Any CPU.ActiveCfg = Release|Any CPU
		{1829DF84-A7EF-44FE-8667-D27C99C344D0}.Release|Any CPU.Build.0 = Release|Any CPU
		{1829DF84-A7EF-44FE-8667-D27C99C344D0}.Release|x64.ActiveCfg = Release|Any CPU
		{1829DF84-A7EF-44FE-8667-D27C99C344D0}.Release|x64.Build.0 = Release|Any CPU
		{1829DF84-A7EF-44FE-8667-D27C99C344D0}.Release|x86.ActiveCfg = Release|Any CPU
		{1829DF84-A7EF-44FE-8667-D27C99C344D0}.Release|x86.Build.0 = Release|Any CPU
		{290FC536-596B-4374-98B7-B40069E23EA5}.Debug|Any CPU.ActiveCfg = Debug|Any CPU
		{290FC536-596B-4374-98B7-B40069E23EA5}.Debug|Any CPU.Build.0 = Debug|Any CPU
		{290FC536-596B-4374-98B7-B40069E23EA5}.Debug|x64.ActiveCfg = Debug|Any CPU
		{290FC536-596B-4374-98B7-B40069E23EA5}.Debug|x64.Build.0 = Debug|Any CPU
		{290FC536-596B-4374-98B7-B40069E23EA5}.Debug|x86.ActiveCfg = Debug|Any CPU
		{290FC536-596B-4374-98B7-B40069E23EA5}.Debug|x86.Build.0 = Debug|Any CPU
		{290FC536-596B-4374-98B7-B40069E23EA5}.Release|Any CPU.ActiveCfg = Release|Any CPU
		{290FC536-596B-4374-98B7-B40069E23EA5}.Release|Any CPU.Build.0 = Release|Any CPU
		{290FC536-596B-4374-98B7-B40069E23EA5}.Release|x64.ActiveCfg = Release|Any CPU
		{290FC536-596B-4374-98B7-B40069E23EA5}.Release|x64.Build.0 = Release|Any CPU
		{290FC536-596B-4374-98B7-B40069E23EA5}.Release|x86.ActiveCfg = Release|Any CPU
		{290FC536-596B-4374-98B7-B40069E23EA5}.Release|x86.Build.0 = Release|Any CPU
		{8D4C12FA-98AB-43BF-BC3A-DC951CDC9FDB}.Debug|Any CPU.ActiveCfg = Debug|Any CPU
		{8D4C12FA-98AB-43BF-BC3A-DC951CDC9FDB}.Debug|Any CPU.Build.0 = Debug|Any CPU
		{8D4C12FA-98AB-43BF-BC3A-DC951CDC9FDB}.Debug|x64.ActiveCfg = Debug|Any CPU
		{8D4C12FA-98AB-43BF-BC3A-DC951CDC9FDB}.Debug|x64.Build.0 = Debug|Any CPU
		{8D4C12FA-98AB-43BF-BC3A-DC951CDC9FDB}.Debug|x86.ActiveCfg = Debug|Any CPU
		{8D4C12FA-98AB-43BF-BC3A-DC951CDC9FDB}.Debug|x86.Build.0 = Debug|Any CPU
		{8D4C12FA-98AB-43BF-BC3A-DC951CDC9FDB}.Release|Any CPU.ActiveCfg = Release|Any CPU
		{8D4C12FA-98AB-43BF-BC3A-DC951CDC9FDB}.Release|Any CPU.Build.0 = Release|Any CPU
		{8D4C12FA-98AB-43BF-BC3A-DC951CDC9FDB}.Release|x64.ActiveCfg = Release|Any CPU
		{8D4C12FA-98AB-43BF-BC3A-DC951CDC9FDB}.Release|x64.Build.0 = Release|Any CPU
		{8D4C12FA-98AB-43BF-BC3A-DC951CDC9FDB}.Release|x86.ActiveCfg = Release|Any CPU
		{8D4C12FA-98AB-43BF-BC3A-DC951CDC9FDB}.Release|x86.Build.0 = Release|Any CPU
		{308B4FFC-A8BB-4C7D-9DFD-DFD0CA2BAF62}.Debug|Any CPU.ActiveCfg = Debug|Any CPU
		{308B4FFC-A8BB-4C7D-9DFD-DFD0CA2BAF62}.Debug|Any CPU.Build.0 = Debug|Any CPU
		{308B4FFC-A8BB-4C7D-9DFD-DFD0CA2BAF62}.Debug|x64.ActiveCfg = Debug|Any CPU
		{308B4FFC-A8BB-4C7D-9DFD-DFD0CA2BAF62}.Debug|x64.Build.0 = Debug|Any CPU
		{308B4FFC-A8BB-4C7D-9DFD-DFD0CA2BAF62}.Debug|x86.ActiveCfg = Debug|Any CPU
		{308B4FFC-A8BB-4C7D-9DFD-DFD0CA2BAF62}.Debug|x86.Build.0 = Debug|Any CPU
		{308B4FFC-A8BB-4C7D-9DFD-DFD0CA2BAF62}.Release|Any CPU.ActiveCfg = Release|Any CPU
		{308B4FFC-A8BB-4C7D-9DFD-DFD0CA2BAF62}.Release|Any CPU.Build.0 = Release|Any CPU
		{308B4FFC-A8BB-4C7D-9DFD-DFD0CA2BAF62}.Release|x64.ActiveCfg = Release|Any CPU
		{308B4FFC-A8BB-4C7D-9DFD-DFD0CA2BAF62}.Release|x64.Build.0 = Release|Any CPU
		{308B4FFC-A8BB-4C7D-9DFD-DFD0CA2BAF62}.Release|x86.ActiveCfg = Release|Any CPU
		{308B4FFC-A8BB-4C7D-9DFD-DFD0CA2BAF62}.Release|x86.Build.0 = Release|Any CPU
	EndGlobalSection
	GlobalSection(SolutionProperties) = preSolution
		HideSolutionNode = FALSE
	EndGlobalSection
	GlobalSection(NestedProjects) = preSolution
		{1829DF84-A7EF-44FE-8667-D27C99C344D0} = {62901CFB-001B-4F04-AC1C-FB00044FCA83}
		{290FC536-596B-4374-98B7-B40069E23EA5} = {62901CFB-001B-4F04-AC1C-FB00044FCA83}
		{8D4C12FA-98AB-43BF-BC3A-DC951CDC9FDB} = {62901CFB-001B-4F04-AC1C-FB00044FCA83}
		{308B4FFC-A8BB-4C7D-9DFD-DFD0CA2BAF62} = {62901CFB-001B-4F04-AC1C-FB00044FCA83}
	EndGlobalSection
	GlobalSection(ExtensibilityGlobals) = postSolution
		SolutionGuid = {10513014-B417-466C-9572-44ABCE8C1083}
	EndGlobalSection
EndGlobal
